{
    "_meta": {
        "hash": {
            "sha256": "2d745f9ef52a675756bbee357373f876490af16603279d42b86c900aacb7921f"
        },
        "pipfile-spec": 6,
        "requires": {
            "python_version": "3.9"
        },
        "sources": [
            {
                "name": "pypi",
                "url": "https://pypi.org/simple",
                "verify_ssl": true
            }
        ]
    },
    "default": {},
    "develop": {}
}
